
Microsoft Visual Studio Solution File, Format Version 12.00
# Visual Studio Version 16
VisualStudioVersion = 16.0.810.13
MinimumVisualStudioVersion = 10.0.40219.1
Project("{FAE04EC0-301F-11D3-BF4B-00C04F79EFBC}") = "ifElseLecture", "ifElseLecture\ifElseLecture.csproj", "{894A9E3D-00C8-44BB-9868-42BB6CDEF2DE}"
EndProject
Project("{FAE04EC0-301F-11D3-BF4B-00C04F79EFBC}") = "GodzillaAgainstKong", "GodzillaAgainstKong\GodzillaAgainstKong.csproj", "{C304BB94-C307-4E30-9FFE-C47F533A75D3}"
EndProject
Global
	GlobalSection(SolutionConfigurationPlatforms) = preSolution
		Debug|Any CPU = Debug|Any CPU
		Release|Any CPU = Release|Any CPU
	EndGlobalSection
	GlobalSection(ProjectConfigurationPlatforms) = postSolution
		{894A9E3D-00C8-44BB-9868-42BB6CDEF2DE}.Debug|Any CPU.ActiveCfg = Debug|Any CPU
		{894A9E3D-00C8-44BB-9868-42BB6CDEF2DE}.Debug|Any CPU.Build.0 = Debug|Any CPU
		{894A9E3D-00C8-44BB-9868-42BB6CDEF2DE}.Release|Any CPU.ActiveCfg = Release|Any CPU
		{894A9E3D-00C8-44BB-9868-42BB6CDEF2DE}.Release|Any CPU.Build.0 = Release|Any CPU
		{C304BB94-C307-4E30-9FFE-C47F533A75D3}.Debug|Any CPU.ActiveCfg = Debug|Any CPU
		{C304BB94-C307-4E30-9FFE-C47F533A75D3}.Debug|Any CPU.Build.0 = Debug|Any CPU
		{C304BB94-C307-4E30-9FFE-C47F533A75D3}.Release|Any CPU.ActiveCfg = Release|Any CPU
		{C304BB94-C307-4E30-9FFE-C47F533A75D3}.Release|Any CPU.Build.0 = Release|Any CPU
	EndGlobalSection
	GlobalSection(SolutionProperties) = preSolution
		HideSolutionNode = FALSE
	EndGlobalSection
	GlobalSection(ExtensibilityGlobals) = postSolution
		SolutionGuid = {382B6313-A581-44B6-A6A4-8662DDFC553C}
	EndGlobalSection
EndGlobal
