
Microsoft Visual Studio Solution File, Format Version 12.00
# Visual Studio Version 16
VisualStudioVersion = 16.0.810.13
MinimumVisualStudioVersion = 10.0.40219.1
Project("{FAE04EC0-301F-11D3-BF4B-00C04F79EFBC}") = "Test2021", "Test2021\Test2021.csproj", "{3B742409-F634-4C86-BA3C-31CB330FDD07}"
EndProject
Project("{FAE04EC0-301F-11D3-BF4B-00C04F79EFBC}") = "Processors", "Processors\Processors.csproj", "{A3F4914B-9742-48ED-97C6-2179D18594FC}"
EndProject
Project("{FAE04EC0-301F-11D3-BF4B-00C04F79EFBC}") = "ComputerRoom", "ComputerRoom\ComputerRoom.csproj", "{F6CAEFEF-6B03-4017-9503-B48E8A8DB9BD}"
EndProject
Project("{FAE04EC0-301F-11D3-BF4B-00C04F79EFBC}") = "CatFood", "CatFood\CatFood.csproj", "{45B88432-3619-4B7A-94BF-5836FF138F97}"
EndProject
Project("{FAE04EC0-301F-11D3-BF4B-00C04F79EFBC}") = "PuppyCare", "PuppyCare\PuppyCare.csproj", "{02715439-84F9-40F8-BCA4-D3F228934353}"
EndProject
Global
	GlobalSection(SolutionConfigurationPlatforms) = preSolution
		Debug|Any CPU = Debug|Any CPU
		Release|Any CPU = Release|Any CPU
	EndGlobalSection
	GlobalSection(ProjectConfigurationPlatforms) = postSolution
		{3B742409-F634-4C86-BA3C-31CB330FDD07}.Debug|Any CPU.ActiveCfg = Debug|Any CPU
		{3B742409-F634-4C86-BA3C-31CB330FDD07}.Debug|Any CPU.Build.0 = Debug|Any CPU
		{3B742409-F634-4C86-BA3C-31CB330FDD07}.Release|Any CPU.ActiveCfg = Release|Any CPU
		{3B742409-F634-4C86-BA3C-31CB330FDD07}.Release|Any CPU.Build.0 = Release|Any CPU
		{A3F4914B-9742-48ED-97C6-2179D18594FC}.Debug|Any CPU.ActiveCfg = Debug|Any CPU
		{A3F4914B-9742-48ED-97C6-2179D18594FC}.Debug|Any CPU.Build.0 = Debug|Any CPU
		{A3F4914B-9742-48ED-97C6-2179D18594FC}.Release|Any CPU.ActiveCfg = Release|Any CPU
		{A3F4914B-9742-48ED-97C6-2179D18594FC}.Release|Any CPU.Build.0 = Release|Any CPU
		{F6CAEFEF-6B03-4017-9503-B48E8A8DB9BD}.Debug|Any CPU.ActiveCfg = Debug|Any CPU
		{F6CAEFEF-6B03-4017-9503-B48E8A8DB9BD}.Debug|Any CPU.Build.0 = Debug|Any CPU
		{F6CAEFEF-6B03-4017-9503-B48E8A8DB9BD}.Release|Any CPU.ActiveCfg = Release|Any CPU
		{F6CAEFEF-6B03-4017-9503-B48E8A8DB9BD}.Release|Any CPU.Build.0 = Release|Any CPU
		{45B88432-3619-4B7A-94BF-5836FF138F97}.Debug|Any CPU.ActiveCfg = Debug|Any CPU
		{45B88432-3619-4B7A-94BF-5836FF138F97}.Debug|Any CPU.Build.0 = Debug|Any CPU
		{45B88432-3619-4B7A-94BF-5836FF138F97}.Release|Any CPU.ActiveCfg = Release|Any CPU
		{45B88432-3619-4B7A-94BF-5836FF138F97}.Release|Any CPU.Build.0 = Release|Any CPU
		{02715439-84F9-40F8-BCA4-D3F228934353}.Debug|Any CPU.ActiveCfg = Debug|Any CPU
		{02715439-84F9-40F8-BCA4-D3F228934353}.Debug|Any CPU.Build.0 = Debug|Any CPU
		{02715439-84F9-40F8-BCA4-D3F228934353}.Release|Any CPU.ActiveCfg = Release|Any CPU
		{02715439-84F9-40F8-BCA4-D3F228934353}.Release|Any CPU.Build.0 = Release|Any CPU
	EndGlobalSection
	GlobalSection(SolutionProperties) = preSolution
		HideSolutionNode = FALSE
	EndGlobalSection
	GlobalSection(ExtensibilityGlobals) = postSolution
		SolutionGuid = {8124529C-1667-410C-8BD1-C91EBF6CFF6B}
	EndGlobalSection
EndGlobal
