
Microsoft Visual Studio Solution File, Format Version 12.00
# Visual Studio Version 16
VisualStudioVersion = 16.0.810.13
MinimumVisualStudioVersion = 10.0.40219.1
Project("{FAE04EC0-301F-11D3-BF4B-00C04F79EFBC}") = "ForCicle", "ForCicle\ForCicle.csproj", "{AB7E2859-36E1-4C92-8B98-0C75A858A7E7}"
EndProject
Project("{FAE04EC0-301F-11D3-BF4B-00C04F79EFBC}") = "SumNumber", "SumNumber\SumNumber.csproj", "{0F39FF6D-6677-4A46-886D-FFE1FC9E9D29}"
EndProject
Project("{FAE04EC0-301F-11D3-BF4B-00C04F79EFBC}") = "SmallestAndBiggest", "NumberSequence\SmallestAndBiggest.csproj", "{3363D758-4AF7-4348-899E-76016A6E71BC}"
EndProject
Global
	GlobalSection(SolutionConfigurationPlatforms) = preSolution
		Debug|Any CPU = Debug|Any CPU
		Release|Any CPU = Release|Any CPU
	EndGlobalSection
	GlobalSection(ProjectConfigurationPlatforms) = postSolution
		{AB7E2859-36E1-4C92-8B98-0C75A858A7E7}.Debug|Any CPU.ActiveCfg = Debug|Any CPU
		{AB7E2859-36E1-4C92-8B98-0C75A858A7E7}.Debug|Any CPU.Build.0 = Debug|Any CPU
		{AB7E2859-36E1-4C92-8B98-0C75A858A7E7}.Release|Any CPU.ActiveCfg = Release|Any CPU
		{AB7E2859-36E1-4C92-8B98-0C75A858A7E7}.Release|Any CPU.Build.0 = Release|Any CPU
		{0F39FF6D-6677-4A46-886D-FFE1FC9E9D29}.Debug|Any CPU.ActiveCfg = Debug|Any CPU
		{0F39FF6D-6677-4A46-886D-FFE1FC9E9D29}.Debug|Any CPU.Build.0 = Debug|Any CPU
		{0F39FF6D-6677-4A46-886D-FFE1FC9E9D29}.Release|Any CPU.ActiveCfg = Release|Any CPU
		{0F39FF6D-6677-4A46-886D-FFE1FC9E9D29}.Release|Any CPU.Build.0 = Release|Any CPU
		{3363D758-4AF7-4348-899E-76016A6E71BC}.Debug|Any CPU.ActiveCfg = Debug|Any CPU
		{3363D758-4AF7-4348-899E-76016A6E71BC}.Debug|Any CPU.Build.0 = Debug|Any CPU
		{3363D758-4AF7-4348-899E-76016A6E71BC}.Release|Any CPU.ActiveCfg = Release|Any CPU
		{3363D758-4AF7-4348-899E-76016A6E71BC}.Release|Any CPU.Build.0 = Release|Any CPU
	EndGlobalSection
	GlobalSection(SolutionProperties) = preSolution
		HideSolutionNode = FALSE
	EndGlobalSection
	GlobalSection(ExtensibilityGlobals) = postSolution
		SolutionGuid = {679161C3-374E-47F0-A93C-510B0B1F8D1B}
	EndGlobalSection
EndGlobal
