
Microsoft Visual Studio Solution File, Format Version 12.00
# Visual Studio Version 16
VisualStudioVersion = 16.0.810.13
MinimumVisualStudioVersion = 10.0.40219.1
Project("{FAE04EC0-301F-11D3-BF4B-00C04F79EFBC}") = "RadianstoDegrees", "RadianstoDegrees\RadianstoDegrees.csproj", "{03064478-45B3-4DA1-BC5F-7D12AE595078}"
EndProject
Global
	GlobalSection(SolutionConfigurationPlatforms) = preSolution
		Debug|Any CPU = Debug|Any CPU
		Release|Any CPU = Release|Any CPU
	EndGlobalSection
	GlobalSection(ProjectConfigurationPlatforms) = postSolution
		{03064478-45B3-4DA1-BC5F-7D12AE595078}.Debug|Any CPU.ActiveCfg = Debug|Any CPU
		{03064478-45B3-4DA1-BC5F-7D12AE595078}.Debug|Any CPU.Build.0 = Debug|Any CPU
		{03064478-45B3-4DA1-BC5F-7D12AE595078}.Release|Any CPU.ActiveCfg = Release|Any CPU
		{03064478-45B3-4DA1-BC5F-7D12AE595078}.Release|Any CPU.Build.0 = Release|Any CPU
	EndGlobalSection
	GlobalSection(SolutionProperties) = preSolution
		HideSolutionNode = FALSE
	EndGlobalSection
	GlobalSection(ExtensibilityGlobals) = postSolution
		SolutionGuid = {0CA9EB1E-F69D-4D3D-9DB4-939D9A0C19BD}
	EndGlobalSection
EndGlobal
